
Microsoft Visual Studio Solution File, Format Version 12.00
# Visual Studio Version 16
VisualStudioVersion = 16.0.31019.35
MinimumVisualStudioVersion = 10.0.40219.1
Project("{FAE04EC0-301F-11D3-BF4B-00C04F79EFBC}") = "GoAl", "GoAl\GoAl.csproj", "{3B6341B1-8246-41D7-A470-2E5A49A8C053}"
EndProject
Global
	GlobalSection(SolutionConfigurationPlatforms) = preSolution
		Debug|Any CPU = Debug|Any CPU
		Release|Any CPU = Release|Any CPU
	EndGlobalSection
	GlobalSection(ProjectConfigurationPlatforms) = postSolution
		{3B6341B1-8246-41D7-A470-2E5A49A8C053}.Debug|Any CPU.ActiveCfg = Debug|Any CPU
		{3B6341B1-8246-41D7-A470-2E5A49A8C053}.Debug|Any CPU.Build.0 = Debug|Any CPU
		{3B6341B1-8246-41D7-A470-2E5A49A8C053}.Release|Any CPU.ActiveCfg = Release|Any CPU
		{3B6341B1-8246-41D7-A470-2E5A49A8C053}.Release|Any CPU.Build.0 = Release|Any CPU
	EndGlobalSection
	GlobalSection(SolutionProperties) = preSolution
		HideSolutionNode = FALSE
	EndGlobalSection
	GlobalSection(ExtensibilityGlobals) = postSolution
		SolutionGuid = {5E4C7083-7D00-4F7D-B034-79B2373C4F11}
	EndGlobalSection
EndGlobal
